github.com/davecgh/go-spew v1.1.1 h1:vj9j/u1bqnvCEfJOwUhtlOARqs3+rkHYY13jYWTU97c=
github.com/pmezard/go-difflib v1.0.0 h1:4DBwDE0NGyQoBHbLQYPwSUPoCMWR5BEzIk/f1lZbAQM=
github.com/stretchr/testify v1.8.4 h1:CcVxjf3Q8PM0mHUKJCdn+eZZtm5yQwehR5yeSVQQcUk=
github.com/weedbox/timebank v0.0.0-20230610090731-5f6d4b480f02 h1:+tUkr1MQc7EIaES6Aer3vkp2IXyDPZXb8KW4amBmfIM=
github.com/weedbox/timebank v0.0.0-20230610090731-5f6d4b480f02/go.mod h1:7ZB83P7QCjvRQm4DsMFVIRxEeXaiH75BRMzI5SMBH6Y=
github.com/weedbox/timebank v0.0.0-20230626172307-e92dbb708378 h1:pCVZlG8cgop7xE1JoJPG6F7K2GMNfzlW3PZAUhWBtho=
github.com/weedbox/timebank v0.0.0-20230626172307-e92dbb708378/go.mod h1:7ZB83P7QCjvRQm4DsMFVIRxEeXaiH75BRMzI5SMBH6Y=
github.com/weedbox/timebank v0.0.0-20230626195305-39f7a14ece16 h1:1EP75xz9O0Pyynfn7udbfcErXaqnsmkn4sZox4tixpE=
github.com/weedbox/timebank v0.0.0-20230626195305-39f7a14ece16/go.mod h1:7ZB83P7QCjvRQm4DsMFVIRxEeXaiH75BRMzI5SMBH6Y=
gopkg.in/yaml.v3 v3.0.1 h1:fxVm/GzAzEWqLHuvctI91KS9hhNmmWOoWu0XTYJS7CA=
